// !$*UTF8*$!
{
	archiveVersion = 1;
	classes = {
	};
	objectVersion = 50;
	objects = {

/* Begin PBXBuildFile section */
		CEC25E98272BD85600CC81DC /* AppDelegate.swift in Sources */ = {isa = PBXBuildFile; fileRef = CEC25E97272BD85600CC81DC /* AppDelegate.swift */; };
		CEC25E9A272BD85600CC81DC /* SceneDelegate.swift in Sources */ = {isa = PBXBuildFile; fileRef = CEC25E99272BD85600CC81DC /* SceneDelegate.swift */; };
		CEC25E9C272BD85600CC81DC /* ViewController.swift in Sources */ = {isa = PBXBuildFile; fileRef = CEC25E9B272BD85600CC81DC /* ViewController.swift */; };
		CEC25E9F272BD85600CC81DC /* Main.storyboard in Resources */ = {isa = PBXBuildFile; fileRef = CEC25E9D272BD85600CC81DC /* Main.storyboard */; };
		CEC25EA1272BD85A00CC81DC /* Assets.xcassets in Resources */ = {isa = PBXBuildFile; fileRef = CEC25EA0272BD85A00CC81DC /* Assets.xcassets */; };
		CEC25EA4272BD85A00CC81DC /* LaunchScreen.storyboard in Resources */ = {isa = PBXBuildFile; fileRef = CEC25EA2272BD85A00CC81DC /* LaunchScreen.storyboard */; };
/* End PBXBuildFile section */

/* Begin PBXFileReference section */
		CEC25E94272BD85600CC81DC /* Demo-Combine.app */ = {isa = PBXFileReference; explicitFileType = wrapper.application; includeInIndex = 0; path = "Demo-Combine.app"; sourceTree = BUILT_PRODUCTS_DIR; };
		CEC25E97272BD85600CC81DC /* AppDelegate.swift */ = {isa = PBXFileReference; lastKnownFileType = sourcecode.swift; path = AppDelegate.swift; sourceTree = "<group>"; };
		CEC25E99272BD85600CC81DC /* SceneDelegate.swift */ = {isa = PBXFileReference; lastKnownFileType = sourcecode.swift; path = SceneDelegate.swift; sourceTree = "<group>"; };
		CEC25E9B272BD85600CC81DC /* ViewController.swift */ = {isa = PBXFileReference; lastKnownFileType = sourcecode.swift; path = ViewController.swift; sourceTree = "<group>"; };
		CEC25E9E272BD85600CC81DC /* Base */ = {isa = PBXFileReference; lastKnownFileType = file.storyboard; name = Base; path = Base.lproj/Main.storyboard; sourceTree = "<group>"; };
		CEC25EA0272BD85A00CC81DC /* Assets.xcassets */ = {isa = PBXFileReference; lastKnownFileType = folder.assetcatalog; path = Assets.xcassets; sourceTree = "<group>"; };
		CEC25EA3272BD85A00CC81DC /* Base */ = {isa = PBXFileReference; lastKnownFileType = file.storyboard; name = Base; path = Base.lproj/LaunchScreen.storyboard; sourceTree = "<group>"; };
		CEC25EA5272BD85A00CC81DC /* Info.plist */ = {isa = PBXFileReference; lastKnownFileType = text.plist.xml; path = Info.plist; sourceTree = "<group>"; };
		CEC25EAD272BDCB500CC81DC /* SimpleCombine.playground */ = {isa = PBXFileReference; lastKnownFileType = file.playground; path = SimpleCombine.playground; sourceTree = "<group>"; xcLanguageSpecificationIdentifier = xcode.lang.swift; };
		CEC25EAE272BE3DF00CC81DC /* Operators.playground */ = {isa = PBXFileReference; lastKnownFileType = file.playground; path = Operators.playground; sourceTree = "<group>"; xcLanguageSpecificationIdentifier = xcode.lang.swift; };
		CEC25EAF272BE4CD00CC81DC /* Publisher.playground */ = {isa = PBXFileReference; lastKnownFileType = file.playground; path = Publisher.playground; sourceTree = "<group>"; xcLanguageSpecificationIdentifier = xcode.lang.swift; };
/* End PBXFileReference section */

/* Begin PBXFrameworksBuildPhase section */
		CEC25E91272BD85600CC81DC /* Frameworks */ = {
			isa = PBXFrameworksBuildPhase;
			buildActionMask = 2147483647;
			files = (
			);
			runOnlyForDeploymentPostprocessing = 0;
		};
/* End PBXFrameworksBuildPhase section */

/* Begin PBXGroup section */
		CEC25E8B272BD85600CC81DC = {
			isa = PBXGroup;
			children = (
				CEC25E96272BD85600CC81DC /* Demo-Combine */,
				CEC25E95272BD85600CC81DC /* Products */,
			);
			sourceTree = "<group>";
		};
		CEC25E95272BD85600CC81DC /* Products */ = {
			isa = PBXGroup;
			children = (
				CEC25E94272BD85600CC81DC /* Demo-Combine.app */,
			);
			name = Products;
			sourceTree = "<group>";
		};
		CEC25E96272BD85600CC81DC /* Demo-Combine */ = {
			isa = PBXGroup;
			children = (
				CEC25EAB272BD97A00CC81DC /* HelloCombine */,
				CEC25E97272BD85600CC81DC /* AppDelegate.swift */,
				CEC25E99272BD85600CC81DC /* SceneDelegate.swift */,
				CEC25E9B272BD85600CC81DC /* ViewController.swift */,
				CEC25E9D272BD85600CC81DC /* Main.storyboard */,
				CEC25EA0272BD85A00CC81DC /* Assets.xcassets */,
				CEC25EA2272BD85A00CC81DC /* LaunchScreen.storyboard */,
				CEC25EA5272BD85A00CC81DC /* Info.plist */,
			);
			path = "Demo-Combine";
			sourceTree = "<group>";
		};
		CEC25EAB272BD97A00CC81DC /* HelloCombine */ = {
			isa = PBXGroup;
			children = (
				CEC25EAD272BDCB500CC81DC /* SimpleCombine.playground */,
				CEC25EAF272BE4CD00CC81DC /* Publisher.playground */,
				CEC25EAE272BE3DF00CC81DC /* Operators.playground */,
			);
			path = HelloCombine;
			sourceTree = "<group>";
		};
/* End PBXGroup section */

/* Begin PBXNativeTarget section */
		CEC25E93272BD85600CC81DC /* Demo-Combine */ = {
			isa = PBXNativeTarget;
			buildConfigurationList = CEC25EA8272BD85A00CC81DC /* Build configuration list for PBXNativeTarget "Demo-Combine" */;
			buildPhases = (
				CEC25E90272BD85600CC81DC /* Sources */,
				CEC25E91272BD85600CC81DC /* Frameworks */,
				CEC25E92272BD85600CC81DC /* Resources */,
			);
			buildRules = (
			);
			dependencies = (
			);
			name = "Demo-Combine";
			productName = "Demo-Combine";
			productReference = CEC25E94272BD85600CC81DC /* Demo-Combine.app */;
			productType = "com.apple.product-type.application";
		};
/* End PBXNativeTarget section */

/* Begin PBXProject section */
		CEC25E8C272BD85600CC81DC /* Project object */ = {
			isa = PBXProject;
			attributes = {
				LastSwiftUpdateCheck = 1250;
				LastUpgradeCheck = 1250;
				TargetAttributes = {
					CEC25E93272BD85600CC81DC = {
						CreatedOnToolsVersion = 12.5;
					};
				};
			};
			buildConfigurationList = CEC25E8F272BD85600CC81DC /* Build configuration list for PBXProject "Demo-Combine" */;
			compatibilityVersion = "Xcode 9.3";
			developmentRegion = en;
			hasScannedForEncodings = 0;
			knownRegions = (
				en,
				Base,
			);
			mainGroup = CEC25E8B272BD85600CC81DC;
			productRefGroup = CEC25E95272BD85600CC81DC /* Products */;
			projectDirPath = "";
			projectRoot = "";
			targets = (
				CEC25E93272BD85600CC81DC /* Demo-Combine */,
			);
		};
/* End PBXProject section */

/* Begin PBXResourcesBuildPhase section */
		CEC25E92272BD85600CC81DC /* Resources */ = {
			isa = PBXResourcesBuildPhase;
			buildActionMask = 2147483647;
			files = (
				CEC25EA4272BD85A00CC81DC /* LaunchScreen.storyboard in Resources */,
				CEC25EA1272BD85A00CC81DC /* Assets.xcassets in Resources */,
				CEC25E9F272BD85600CC81DC /* Main.storyboard in Resources */,
			);
			runOnlyForDeploymentPostprocessing = 0;
		};
/* End PBXResourcesBuildPhase section */

/* Begin PBXSourcesBuildPhase section */
		CEC25E90272BD85600CC81DC /* Sources */ = {
			isa = PBXSourcesBuildPhase;
			buildActionMask = 2147483647;
			files = (
				CEC25E9C272BD85600CC81DC /* ViewController.swift in Sources */,
				CEC25E98272BD85600CC81DC /* AppDelegate.swift in Sources */,
				CEC25E9A272BD85600CC81DC /* SceneDelegate.swift in Sources */,
			);
			runOnlyForDeploymentPostprocessing = 0;
		};
/* End PBXSourcesBuildPhase section */

/* Begin PBXVariantGroup section */
		CEC25E9D272BD85600CC81DC /* Main.storyboard */ = {
			isa = PBXVariantGroup;
			children = (
				CEC25E9E272BD85600CC81DC /* Base */,
			);
			name = Main.storyboard;
			sourceTree = "<group>";
		};
		CEC25EA2272BD85A00CC81DC /* LaunchScreen.storyboard */ = {
			isa = PBXVariantGroup;
			children = (
				CEC25EA3272BD85A00CC81DC /* Base */,
			);
			name = LaunchScreen.storyboard;
			sourceTree = "<group>";
		};
/* End PBXVariantGroup section */

/* Begin XCBuildConfiguration section */
		CEC25EA6272BD85A00CC81DC /* Debug */ = {
			isa = XCBuildConfiguration;
			buildSettings = {
				ALWAYS_SEARCH_USER_PATHS = NO;
				CLANG_ANALYZER_NONNULL = YES;
				CLANG_ANALYZER_NUMBER_OBJECT_CONVERSION = YES_AGGRESSIVE;
				CLANG_CXX_LANGUAGE_STANDARD = "gnu++14";
				CLANG_CXX_LIBRARY = "libc++";
				CLANG_ENABLE_MODULES = YES;
				CLANG_ENABLE_OBJC_ARC = YES;
				CLANG_ENABLE_OBJC_WEAK = YES;
				CLANG_WARN_BLOCK_CAPTURE_AUTORELEASING = YES;
				CLANG_WARN_BOOL_CONVERSION = YES;
				CLANG_WARN_COMMA = YES;
				CLANG_WARN_CONSTANT_CONVERSION = YES;
				CLANG_WARN_DEPRECATED_OBJC_IMPLEMENTATIONS = YES;
				CLANG_WARN_DIRECT_OBJC_ISA_USAGE = YES_ERROR;
				CLANG_WARN_DOCUMENTATION_COMMENTS = YES;
				CLANG_WARN_EMPTY_BODY = YES;
				CLANG_WARN_ENUM_CONVERSION = YES;
				CLANG_WARN_INFINITE_RECURSION = YES;
				CLANG_WARN_INT_CONVERSION = YES;
				CLANG_WARN_NON_LITERAL_NULL_CONVERSION = YES;
				CLANG_WARN_OBJC_IMPLICIT_RETAIN_SELF = YES;
				CLANG_WARN_OBJC_LITERAL_CONVERSION = YES;
				CLANG_WARN_OBJC_ROOT_CLASS = YES_ERROR;
				CLANG_WARN_QUOTED_INCLUDE_IN_FRAMEWORK_HEADER = YES;
				CLANG_WARN_RANGE_LOOP_ANALYSIS = YES;
				CLANG_WARN_STRICT_PROTOTYPES = YES;
				CLANG_WARN_SUSPICIOUS_MOVE = YES;
				CLANG_WARN_UNGUARDED_AVAILABILITY = YES_AGGRESSIVE;
				CLANG_WARN_UNREACHABLE_CODE = YES;
				CLANG_WARN__DUPLICATE_METHOD_MATCH = YES;
				COPY_PHASE_STRIP = NO;
				DEBUG_INFORMATION_FORMAT = dwarf;
				ENABLE_STRICT_OBJC_MSGSEND = YES;
				ENABLE_TESTABILITY = YES;
				GCC_C_LANGUAGE_STANDARD = gnu11;
				GCC_DYNAMIC_NO_PIC = NO;
				GCC_NO_COMMON_BLOCKS = YES;
				GCC_OPTIMIZATION_LEVEL = 0;
				GCC_PREPROCESSOR_DEFINITIONS = (
					"DEBUG=1",
					"$(inherited)",
				);
				GCC_WARN_64_TO_32_BIT_CONVERSION = YES;
				GCC_WARN_ABOUT_RETURN_TYPE = YES_ERROR;
				GCC_WARN_UNDECLARED_SELECTOR = YES;
				GCC_WARN_UNINITIALIZED_AUTOS = YES_AGGRESSIVE;
				GCC_WARN_UNUSED_FUNCTION = YES;
				GCC_WARN_UNUSED_VARIABLE = YES;
				IPHONEOS_DEPLOYMENT_TARGET = 14.5;
				MTL_ENABLE_DEBUG_INFO = INCLUDE_SOURCE;
				MTL_FAST_MATH = YES;
				ONLY_ACTIVE_ARCH = YES;
				SDKROOT = iphoneos;
				SWIFT_ACTIVE_COMPILATION_CONDITIONS = DEBUG;
				SWIFT_OPTIMIZATION_LEVEL = "-Onone";
			};
			name = Debug;
		};
		CEC25EA7272BD85A00CC81DC /* Release */ = {
			isa = XCBuildConfiguration;
			buildSettings = {
				ALWAYS_SEARCH_USER_PATHS = NO;
				CLANG_ANALYZER_NONNULL = YES;
				CLANG_ANALYZER_NUMBER_OBJECT_CONVERSION = YES_AGGRESSIVE;
				CLANG_CXX_LANGUAGE_STANDARD = "gnu++14";
				CLANG_CXX_LIBRARY = "libc++";
				CLANG_ENABLE_MODULES = YES;
				CLANG_ENABLE_OBJC_ARC = YES;
				CLANG_ENABLE_OBJC_WEAK = YES;
				CLANG_WARN_BLOCK_CAPTURE_AUTORELEASING = YES;
				CLANG_WARN_BOOL_CONVERSION = YES;
				CLANG_WARN_COMMA = YES;
				CLANG_WARN_CONSTANT_CONVERSION = YES;
				CLANG_WARN_DEPRECATED_OBJC_IMPLEMENTATIONS = YES;
				CLANG_WARN_DIRECT_OBJC_ISA_USAGE = YES_ERROR;
				CLANG_WARN_DOCUMENTATION_COMMENTS = YES;
				CLANG_WARN_EMPTY_BODY = YES;
				CLANG_WARN_ENUM_CONVERSION = YES;
				CLANG_WARN_INFINITE_RECURSION = YES;
				CLANG_WARN_INT_CONVERSION = YES;
				CLANG_WARN_NON_LITERAL_NULL_CONVERSION = YES;
				CLANG_WARN_OBJC_IMPLICIT_RETAIN_SELF = YES;
				CLANG_WARN_OBJC_LITERAL_CONVERSION = YES;
				CLANG_WARN_OBJC_ROOT_CLASS = YES_ERROR;
				CLANG_WARN_QUOTED_INCLUDE_IN_FRAMEWORK_HEADER = YES;
				CLANG_WARN_RANGE_LOOP_ANALYSIS = YES;
				CLANG_WARN_STRICT_PROTOTYPES = YES;
				CLANG_WARN_SUSPICIOUS_MOVE = YES;
				CLANG_WARN_UNGUARDED_AVAILABILITY = YES_AGGRESSIVE;
				CLANG_WARN_UNREACHABLE_CODE = YES;
				CLANG_WARN__DUPLICATE_METHOD_MATCH = YES;
				COPY_PHASE_STRIP = NO;
				DEBUG_INFORMATION_FORMAT = "dwarf-with-dsym";
				ENABLE_NS_ASSERTIONS = NO;
				ENABLE_STRICT_OBJC_MSGSEND = YES;
				GCC_C_LANGUAGE_STANDARD = gnu11;
				GCC_NO_COMMON_BLOCKS = YES;
				GCC_WARN_64_TO_32_BIT_CONVERSION = YES;
				GCC_WARN_ABOUT_RETURN_TYPE = YES_ERROR;
				GCC_WARN_UNDECLARED_SELECTOR = YES;
				GCC_WARN_UNINITIALIZED_AUTOS = YES_AGGRESSIVE;
				GCC_WARN_UNUSED_FUNCTION = YES;
				GCC_WARN_UNUSED_VARIABLE = YES;
				IPHONEOS_DEPLOYMENT_TARGET = 14.5;
				MTL_ENABLE_DEBUG_INFO = NO;
				MTL_FAST_MATH = YES;
				SDKROOT = iphoneos;
				SWIFT_COMPILATION_MODE = wholemodule;
				SWIFT_OPTIMIZATION_LEVEL = "-O";
				VALIDATE_PRODUCT = YES;
			};
			name = Release;
		};
		CEC25EA9272BD85A00CC81DC /* Debug */ = {
			isa = XCBuildConfiguration;
			buildSettings = {
				ASSETCATALOG_COMPILER_APPICON_NAME = AppIcon;
				ASSETCATALOG_COMPILER_GLOBAL_ACCENT_COLOR_NAME = AccentColor;
				CODE_SIGN_STYLE = Automatic;
				DEVELOPMENT_TEAM = 42BJ859V33;
				INFOPLIST_FILE = "Demo-Combine/Info.plist";
				LD_RUNPATH_SEARCH_PATHS = (
					"$(inherited)",
					"@executable_path/Frameworks",
				);
				PRODUCT_BUNDLE_IDENTIFIER = "nam.Demo-Combine";
				PRODUCT_NAME = "$(TARGET_NAME)";
				SWIFT_VERSION = 5.0;
				TARGETED_DEVICE_FAMILY = "1,2";
			};
			name = Debug;
		};
		CEC25EAA272BD85A00CC81DC /* Release */ = {
			isa = XCBuildConfiguration;
			buildSettings = {
				ASSETCATALOG_COMPILER_APPICON_NAME = AppIcon;
				ASSETCATALOG_COMPILER_GLOBAL_ACCENT_COLOR_NAME = AccentColor;
				CODE_SIGN_STYLE = Automatic;
				DEVELOPMENT_TEAM = 42BJ859V33;
				INFOPLIST_FILE = "Demo-Combine/Info.plist";
				LD_RUNPATH_SEARCH_PATHS = (
					"$(inherited)",
					"@executable_path/Frameworks",
				);
				PRODUCT_BUNDLE_IDENTIFIER = "nam.Demo-Combine";
				PRODUCT_NAME = "$(TARGET_NAME)";
				SWIFT_VERSION = 5.0;
				TARGETED_DEVICE_FAMILY = "1,2";
			};
			name = Release;
		};
/* End XCBuildConfiguration section */

/* Begin XCConfigurationList section */
		CEC25E8F272BD85600CC81DC /* Build configuration list for PBXProject "Demo-Combine" */ = {
			isa = XCConfigurationList;
			buildConfigurations = (
				CEC25EA6272BD85A00CC81DC /* Debug */,
				CEC25EA7272BD85A00CC81DC /* Release */,
			);
			defaultConfigurationIsVisible = 0;
			defaultConfigurationName = Release;
		};
		CEC25EA8272BD85A00CC81DC /* Build configuration list for PBXNativeTarget "Demo-Combine" */ = {
			isa = XCConfigurationList;
			buildConfigurations = (
				CEC25EA9272BD85A00CC81DC /* Debug */,
				CEC25EAA272BD85A00CC81DC /* Release */,
			);
			defaultConfigurationIsVisible = 0;
			defaultConfigurationName = Release;
		};
/* End XCConfigurationList section */
	};
	rootObject = CEC25E8C272BD85600CC81DC /* Project object */;
}
